PODS:
  - az_player_plugin (0.0.1):
    - Flutter
    - SDWebImage
  - Flutter (1.0.0)
  - SDWebImage (5.0.2):
    - SDWebImage/Core (= 5.0.2)
  - SDWebImage/Core (5.0.2)

DEPENDENCIES:
  - az_player_plugin (from `.symlinks/plugins/az_player_plugin/ios`)
  - Flutter (from `.symlinks/flutter/ios`)

SPEC REPOS:
  https://github.com/cocoapods/specs.git:
    - SDWebImage

EXTERNAL SOURCES:
  az_player_plugin:
    :path: ".symlinks/plugins/az_player_plugin/ios"
  Flutter:
    :path: ".symlinks/flutter/ios"

SPEC CHECKSUMS:
  az_player_plugin: 59e1675d2065253ad745decb80ad184e5a84da17
  Flutter: 0e3d915762c693b495b44d77113d4970485de6ec
  SDWebImage: 6764b5fa0f73c203728052955dbefa2bf1f33282

PODFILE CHECKSUM: 10ae9c18d12c9ffc2275c9a159a3b1e281990db0

COCOAPODS: 1.6.0.beta.2
